
Microsoft Visual Studio Solution File, Format Version 12.00
# Visual Studio Version 17
VisualStudioVersion = 17.5.33424.131
MinimumVisualStudioVersion = 10.0.40219.1
Project("{FAE04EC0-301F-11D3-BF4B-00C04F79EFBC}") = "SmallTaskMVC", "SmallTaskMVC\SmallTaskMVC.csproj", "{A351FB0A-FF5E-42E8-B15A-108C3B13E611}"
EndProject
Global
	GlobalSection(SolutionConfigurationPlatforms) = preSolution
		Debug|Any CPU = Debug|Any CPU
		Release|Any CPU = Release|Any CPU
	EndGlobalSection
	GlobalSection(ProjectConfigurationPlatforms) = postSolution
		{A351FB0A-FF5E-42E8-B15A-108C3B13E611}.Debug|Any CPU.ActiveCfg = Debug|Any CPU
		{A351FB0A-FF5E-42E8-B15A-108C3B13E611}.Debug|Any CPU.Build.0 = Debug|Any CPU
		{A351FB0A-FF5E-42E8-B15A-108C3B13E611}.Release|Any CPU.ActiveCfg = Release|Any CPU
		{A351FB0A-FF5E-42E8-B15A-108C3B13E611}.Release|Any CPU.Build.0 = Release|Any CPU
	EndGlobalSection
	GlobalSection(SolutionProperties) = preSolution
		HideSolutionNode = FALSE
	EndGlobalSection
	GlobalSection(ExtensibilityGlobals) = postSolution
		SolutionGuid = {CF9F5C70-F833-4CD1-AB5F-D3BE742B6B7D}
	EndGlobalSection
EndGlobal
